
Microsoft Visual Studio Solution File, Format Version 12.00
# Visual Studio Version 17
VisualStudioVersion = 17.13.35931.197
MinimumVisualStudioVersion = 10.0.40219.1
Project("{FAE04EC0-301F-11D3-BF4B-00C04F79EFBC}") = "Lab5-WebAppDevelopment", "Lab5-WebAppDevelopment\Lab5-WebAppDevelopment.csproj", "{32655578-527E-449D-9372-83EC19664D59}"
EndProject
Project("{FAE04EC0-301F-11D3-BF4B-00C04F79EFBC}") = "Lab5.Tests", "Lab5.Tests\Lab5.Tests.csproj", "{8F188203-E265-4D67-BED4-4A43BDE11660}"
EndProject
Global
	GlobalSection(SolutionConfigurationPlatforms) = preSolution
		Debug|Any CPU = Debug|Any CPU
		Release|Any CPU = Release|Any CPU
	EndGlobalSection
	GlobalSection(ProjectConfigurationPlatforms) = postSolution
		{32655578-527E-449D-9372-83EC19664D59}.Debug|Any CPU.ActiveCfg = Debug|Any CPU
		{32655578-527E-449D-9372-83EC19664D59}.Debug|Any CPU.Build.0 = Debug|Any CPU
		{32655578-527E-449D-9372-83EC19664D59}.Release|Any CPU.ActiveCfg = Release|Any CPU
		{32655578-527E-449D-9372-83EC19664D59}.Release|Any CPU.Build.0 = Release|Any CPU
		{8F188203-E265-4D67-BED4-4A43BDE11660}.Debug|Any CPU.ActiveCfg = Debug|Any CPU
		{8F188203-E265-4D67-BED4-4A43BDE11660}.Debug|Any CPU.Build.0 = Debug|Any CPU
		{8F188203-E265-4D67-BED4-4A43BDE11660}.Release|Any CPU.ActiveCfg = Release|Any CPU
		{8F188203-E265-4D67-BED4-4A43BDE11660}.Release|Any CPU.Build.0 = Release|Any CPU
	EndGlobalSection
	GlobalSection(SolutionProperties) = preSolution
		HideSolutionNode = FALSE
	EndGlobalSection
	GlobalSection(ExtensibilityGlobals) = postSolution
		SolutionGuid = {0D5E444C-4C50-406F-A56B-1BA82075DCFA}
	EndGlobalSection
EndGlobal
